
Microsoft Visual Studio Solution File, Format Version 12.00
# Visual Studio Version 16
VisualStudioVersion = 16.0.29613.14
MinimumVisualStudioVersion = 10.0.40219.1
Project("{FAE04EC0-301F-11D3-BF4B-00C04F79EFBC}") = "Sprint 1 MonoGame Project", "BlankMonoGameProject\Sprint 1 MonoGame Project.csproj", "{46E47923-0B58-4AF1-B7C4-56A26AC679D1}"
EndProject
Global
	GlobalSection(SolutionConfigurationPlatforms) = preSolution
		Debug|x86 = Debug|x86
		Release|x86 = Release|x86
	EndGlobalSection
	GlobalSection(ProjectConfigurationPlatforms) = postSolution
		{46E47923-0B58-4AF1-B7C4-56A26AC679D1}.Debug|x86.ActiveCfg = Debug|x86
		{46E47923-0B58-4AF1-B7C4-56A26AC679D1}.Debug|x86.Build.0 = Debug|x86
		{46E47923-0B58-4AF1-B7C4-56A26AC679D1}.Release|x86.ActiveCfg = Release|x86
		{46E47923-0B58-4AF1-B7C4-56A26AC679D1}.Release|x86.Build.0 = Release|x86
	EndGlobalSection
	GlobalSection(SolutionProperties) = preSolution
		HideSolutionNode = FALSE
	EndGlobalSection
	GlobalSection(ExtensibilityGlobals) = postSolution
		SolutionGuid = {377BE9AE-0D20-44CC-B8E3-47690B7DD311}
	EndGlobalSection
EndGlobal
