
Microsoft Visual Studio Solution File, Format Version 12.00
# Visual Studio Version 16
VisualStudioVersion = 16.0.29613.14
MinimumVisualStudioVersion = 10.0.40219.1
Project("{9344BDBB-3E7F-41FC-A0DD-8665D75EE146}") = "team3Project", "team3Project\team3Project.csproj", "{941861BA-82E0-4C32-A1DC-70272D6D0720}"
EndProject
Global
	GlobalSection(SolutionConfigurationPlatforms) = preSolution
		Debug|x86 = Debug|x86
		Release|x86 = Release|x86
	EndGlobalSection
	GlobalSection(ProjectConfigurationPlatforms) = postSolution
		{941861BA-82E0-4C32-A1DC-70272D6D0720}.Debug|x86.ActiveCfg = Debug|x86
		{941861BA-82E0-4C32-A1DC-70272D6D0720}.Debug|x86.Build.0 = Debug|x86
		{941861BA-82E0-4C32-A1DC-70272D6D0720}.Release|x86.ActiveCfg = Release|x86
		{941861BA-82E0-4C32-A1DC-70272D6D0720}.Release|x86.Build.0 = Release|x86
	EndGlobalSection
	GlobalSection(SolutionProperties) = preSolution
		HideSolutionNode = FALSE
	EndGlobalSection
	GlobalSection(ExtensibilityGlobals) = postSolution
		SolutionGuid = {377BE9AE-0D20-44CC-B8E3-47690B7DD311}
	EndGlobalSection
EndGlobal
